
Microsoft Visual Studio Solution File, Format Version 12.00
# Visual Studio Version 16
VisualStudioVersion = 16.0.32126.315
MinimumVisualStudioVersion = 10.0.40219.1
Project("{FAE04EC0-301F-11D3-BF4B-00C04F79EFBC}") = "lab 3", "lab 3\lab 3.csproj", "{9FC9947A-6594-4F59-A060-A568E1A1B7D7}"
EndProject
Project("{FAE04EC0-301F-11D3-BF4B-00C04F79EFBC}") = "lab 3Tests", "lab 3Tests\lab 3Tests.csproj", "{8C840245-3248-4A5F-A9E5-CA69E3D7436B}"
EndProject
Global
	GlobalSection(SolutionConfigurationPlatforms) = preSolution
		Debug|Any CPU = Debug|Any CPU
		Release|Any CPU = Release|Any CPU
	EndGlobalSection
	GlobalSection(ProjectConfigurationPlatforms) = postSolution
		{9FC9947A-6594-4F59-A060-A568E1A1B7D7}.Debug|Any CPU.ActiveCfg = Debug|Any CPU
		{9FC9947A-6594-4F59-A060-A568E1A1B7D7}.Debug|Any CPU.Build.0 = Debug|Any CPU
		{9FC9947A-6594-4F59-A060-A568E1A1B7D7}.Release|Any CPU.ActiveCfg = Release|Any CPU
		{9FC9947A-6594-4F59-A060-A568E1A1B7D7}.Release|Any CPU.Build.0 = Release|Any CPU
		{8C840245-3248-4A5F-A9E5-CA69E3D7436B}.Debug|Any CPU.ActiveCfg = Debug|Any CPU
		{8C840245-3248-4A5F-A9E5-CA69E3D7436B}.Debug|Any CPU.Build.0 = Debug|Any CPU
		{8C840245-3248-4A5F-A9E5-CA69E3D7436B}.Release|Any CPU.ActiveCfg = Release|Any CPU
		{8C840245-3248-4A5F-A9E5-CA69E3D7436B}.Release|Any CPU.Build.0 = Release|Any CPU
	EndGlobalSection
	GlobalSection(SolutionProperties) = preSolution
		HideSolutionNode = FALSE
	EndGlobalSection
	GlobalSection(ExtensibilityGlobals) = postSolution
		SolutionGuid = {E4A8ED25-60EA-42E7-A3C8-9CC64A1AC989}
	EndGlobalSection
EndGlobal
